# This file is automatically @generated by Cargo.
# It is not intended for manual editing.
version = 3

[[package]]
name = "backend"
version = "0.1.0"
dependencies = [
 "url-search-params",
]

[[package]]
name = "url-search-params"
version = "12.0.0"
source = "registry+https://github.com/rust-lang/crates.io-index"
checksum = "2a4b5120022ae7548d0005c9e99f9a695a33bcd732deffb578f7e85516dbb7a6"
